
Microsoft Visual Studio Solution File, Format Version 12.00
# Visual Studio Version 16
VisualStudioVersion = 16.0.32002.261
MinimumVisualStudioVersion = 10.0.40219.1
Project("{FAE04EC0-301F-11D3-BF4B-00C04F79EFBC}") = "II_PROJEKAT", "II_PROJEKAT.csproj", "{C532EF3D-764D-4F86-8973-B602E3986866}"
EndProject
Global
	GlobalSection(SolutionConfigurationPlatforms) = preSolution
		Debug|Any CPU = Debug|Any CPU
		Release|Any CPU = Release|Any CPU
	EndGlobalSection
	GlobalSection(ProjectConfigurationPlatforms) = postSolution
		{C532EF3D-764D-4F86-8973-B602E3986866}.Debug|Any CPU.ActiveCfg = Debug|Any CPU
		{C532EF3D-764D-4F86-8973-B602E3986866}.Debug|Any CPU.Build.0 = Debug|Any CPU
		{C532EF3D-764D-4F86-8973-B602E3986866}.Release|Any CPU.ActiveCfg = Release|Any CPU
		{C532EF3D-764D-4F86-8973-B602E3986866}.Release|Any CPU.Build.0 = Release|Any CPU
	EndGlobalSection
	GlobalSection(SolutionProperties) = preSolution
		HideSolutionNode = FALSE
	EndGlobalSection
	GlobalSection(ExtensibilityGlobals) = postSolution
		SolutionGuid = {C1E80380-CAE3-4937-930E-D684A5021B8E}
	EndGlobalSection
EndGlobal
